
Microsoft Visual Studio Solution File, Format Version 12.00
# Visual Studio Version 17
VisualStudioVersion = 17.9.34723.18
MinimumVisualStudioVersion = 10.0.40219.1
Project("{FAE04EC0-301F-11D3-BF4B-00C04F79EFBC}") = "Permisos y Roles JWT", "Permisos y Roles JWT\Permisos y Roles JWT.csproj", "{0CC738DC-2888-4982-B0B4-3852F0988E97}"
EndProject
Global
	GlobalSection(SolutionConfigurationPlatforms) = preSolution
		Debug|Any CPU = Debug|Any CPU
		Release|Any CPU = Release|Any CPU
	EndGlobalSection
	GlobalSection(ProjectConfigurationPlatforms) = postSolution
		{0CC738DC-2888-4982-B0B4-3852F0988E97}.Debug|Any CPU.ActiveCfg = Debug|Any CPU
		{0CC738DC-2888-4982-B0B4-3852F0988E97}.Debug|Any CPU.Build.0 = Debug|Any CPU
		{0CC738DC-2888-4982-B0B4-3852F0988E97}.Release|Any CPU.ActiveCfg = Release|Any CPU
		{0CC738DC-2888-4982-B0B4-3852F0988E97}.Release|Any CPU.Build.0 = Release|Any CPU
	EndGlobalSection
	GlobalSection(SolutionProperties) = preSolution
		HideSolutionNode = FALSE
	EndGlobalSection
	GlobalSection(ExtensibilityGlobals) = postSolution
		SolutionGuid = {E76AE687-6C07-44D2-AE8F-EA1C3924CA7A}
	EndGlobalSection
EndGlobal
